
Microsoft Visual Studio Solution File, Format Version 12.00
# Visual Studio Version 17
VisualStudioVersion = 17.14.36414.22 d17.14
MinimumVisualStudioVersion = 10.0.40219.1
Project("{8BC9CEB8-8B4A-11D0-8D11-00A0C91BC942}") = "QDento", "QDento.vcxproj", "{E065FC77-B4BF-48DF-8C99-892FC04E6A0E}"
EndProject
Global
	GlobalSection(SolutionConfigurationPlatforms) = preSolution
		Debug|x64 = Debug|x64
		Release|x64 = Release|x64
	EndGlobalSection
	GlobalSection(ProjectConfigurationPlatforms) = postSolution
		{E065FC77-B4BF-48DF-8C99-892FC04E6A0E}.Debug|x64.ActiveCfg = Debug|x64
		{E065FC77-B4BF-48DF-8C99-892FC04E6A0E}.Debug|x64.Build.0 = Debug|x64
		{E065FC77-B4BF-48DF-8C99-892FC04E6A0E}.Release|x64.ActiveCfg = Release|x64
		{E065FC77-B4BF-48DF-8C99-892FC04E6A0E}.Release|x64.Build.0 = Release|x64
	EndGlobalSection
	GlobalSection(SolutionProperties) = preSolution
		HideSolutionNode = FALSE
	EndGlobalSection
	GlobalSection(ExtensibilityGlobals) = postSolution
		SolutionGuid = {5D5567CC-FC94-4E9A-8868-82CAE3142BE0}
	EndGlobalSection
EndGlobal
